
Microsoft Visual Studio Solution File, Format Version 12.00
# Visual Studio Version 17
VisualStudioVersion = 17.8.34322.80
MinimumVisualStudioVersion = 10.0.40219.1
Project("{9A19103F-16F7-4668-BE54-9A1E7A4F7556}") = "C971", "C971.csproj", "{9C717755-A509-42EC-A2AC-47EF465043E4}"
EndProject
Global
	GlobalSection(SolutionConfigurationPlatforms) = preSolution
		Debug|Any CPU = Debug|Any CPU
		Release|Any CPU = Release|Any CPU
	EndGlobalSection
	GlobalSection(ProjectConfigurationPlatforms) = postSolution
		{9C717755-A509-42EC-A2AC-47EF465043E4}.Debug|Any CPU.ActiveCfg = Debug|Any CPU
		{9C717755-A509-42EC-A2AC-47EF465043E4}.Debug|Any CPU.Build.0 = Debug|Any CPU
		{9C717755-A509-42EC-A2AC-47EF465043E4}.Debug|Any CPU.Deploy.0 = Debug|Any CPU
		{9C717755-A509-42EC-A2AC-47EF465043E4}.Release|Any CPU.ActiveCfg = Release|Any CPU
		{9C717755-A509-42EC-A2AC-47EF465043E4}.Release|Any CPU.Build.0 = Release|Any CPU
	EndGlobalSection
	GlobalSection(SolutionProperties) = preSolution
		HideSolutionNode = FALSE
	EndGlobalSection
	GlobalSection(ExtensibilityGlobals) = postSolution
		SolutionGuid = {931D58E2-C370-4F1A-BA6D-5858C01C7A87}
	EndGlobalSection
EndGlobal
